
Microsoft Visual Studio Solution File, Format Version 12.00
# Visual Studio Version 17
VisualStudioVersion = 17.14.36310.24 d17.14
MinimumVisualStudioVersion = 10.0.40219.1
Project("{FAE04EC0-301F-11D3-BF4B-00C04F79EFBC}") = "SafeVault", "SafeVault\SafeVault.csproj", "{1AB2B6E0-DA3D-4179-A308-96FB28ECC503}"
EndProject
Project("{FAE04EC0-301F-11D3-BF4B-00C04F79EFBC}") = "SafeVault.Tests", "SafeVault.Tests\SafeVault.Tests.csproj", "{B1734ACE-6389-4ECC-B202-E7F8B6BA3375}"
EndProject
Global
	GlobalSection(SolutionConfigurationPlatforms) = preSolution
		Debug|Any CPU = Debug|Any CPU
		Release|Any CPU = Release|Any CPU
	EndGlobalSection
	GlobalSection(ProjectConfigurationPlatforms) = postSolution
		{1AB2B6E0-DA3D-4179-A308-96FB28ECC503}.Debug|Any CPU.ActiveCfg = Debug|Any CPU
		{1AB2B6E0-DA3D-4179-A308-96FB28ECC503}.Debug|Any CPU.Build.0 = Debug|Any CPU
		{1AB2B6E0-DA3D-4179-A308-96FB28ECC503}.Release|Any CPU.ActiveCfg = Release|Any CPU
		{1AB2B6E0-DA3D-4179-A308-96FB28ECC503}.Release|Any CPU.Build.0 = Release|Any CPU
		{B1734ACE-6389-4ECC-B202-E7F8B6BA3375}.Debug|Any CPU.ActiveCfg = Debug|Any CPU
		{B1734ACE-6389-4ECC-B202-E7F8B6BA3375}.Debug|Any CPU.Build.0 = Debug|Any CPU
		{B1734ACE-6389-4ECC-B202-E7F8B6BA3375}.Release|Any CPU.ActiveCfg = Release|Any CPU
		{B1734ACE-6389-4ECC-B202-E7F8B6BA3375}.Release|Any CPU.Build.0 = Release|Any CPU
	EndGlobalSection
	GlobalSection(SolutionProperties) = preSolution
		HideSolutionNode = FALSE
	EndGlobalSection
	GlobalSection(ExtensibilityGlobals) = postSolution
		SolutionGuid = {237996C0-280B-47D5-8C29-3EAF07054E3B}
	EndGlobalSection
EndGlobal
